
Microsoft Visual Studio Solution File, Format Version 12.00
# Visual Studio Version 17
VisualStudioVersion = 17.3.32929.385
MinimumVisualStudioVersion = 10.0.40219.1
Project("{9A19103F-16F7-4668-BE54-9A1E7A4F7556}") = "F1Hack-api", "F1Hack-api.csproj", "{BE8A3BD9-1882-4E6F-AB9F-E4428EF17481}"
EndProject
Project("{FAE04EC0-301F-11D3-BF4B-00C04F79EFBC}") = "FIHack.Scraper", "..\FIHack.Scraper\FIHack.Scraper.csproj", "{43F3E333-C2DA-4A74-8AD2-0076E6E93D6C}"
EndProject
Global
	GlobalSection(SolutionConfigurationPlatforms) = preSolution
		Debug|Any CPU = Debug|Any CPU
		Release|Any CPU = Release|Any CPU
	EndGlobalSection
	GlobalSection(ProjectConfigurationPlatforms) = postSolution
		{BE8A3BD9-1882-4E6F-AB9F-E4428EF17481}.Debug|Any CPU.ActiveCfg = Debug|Any CPU
		{BE8A3BD9-1882-4E6F-AB9F-E4428EF17481}.Debug|Any CPU.Build.0 = Debug|Any CPU
		{BE8A3BD9-1882-4E6F-AB9F-E4428EF17481}.Release|Any CPU.ActiveCfg = Release|Any CPU
		{BE8A3BD9-1882-4E6F-AB9F-E4428EF17481}.Release|Any CPU.Build.0 = Release|Any CPU
		{43F3E333-C2DA-4A74-8AD2-0076E6E93D6C}.Debug|Any CPU.ActiveCfg = Debug|Any CPU
		{43F3E333-C2DA-4A74-8AD2-0076E6E93D6C}.Debug|Any CPU.Build.0 = Debug|Any CPU
		{43F3E333-C2DA-4A74-8AD2-0076E6E93D6C}.Release|Any CPU.ActiveCfg = Release|Any CPU
		{43F3E333-C2DA-4A74-8AD2-0076E6E93D6C}.Release|Any CPU.Build.0 = Release|Any CPU
	EndGlobalSection
	GlobalSection(SolutionProperties) = preSolution
		HideSolutionNode = FALSE
	EndGlobalSection
	GlobalSection(ExtensibilityGlobals) = postSolution
		SolutionGuid = {1C6FB705-3D03-4750-B712-2FCC06356218}
	EndGlobalSection
EndGlobal
